# THIS IS AN AUTOGENERATED FILE. DO NOT EDIT THIS FILE DIRECTLY.
# yarn lockfile v1


"@babel/runtime@^7.21.0":
  version "7.24.7"
  resolved "https://registry.yarnpkg.com/@babel/runtime/-/runtime-7.24.7.tgz#f4f0d5530e8dbdf59b3451b9b3e594b6ba082e12"
  integrity sha512-UwgBRMjJP+xv857DCngvqXI3Iq6J4v0wXmwc6sapg+zyhbwmQX67LUEFrkK5tbyJ30jGuG3ZvWpBiB9LCy1kWw==
  dependencies:
    regenerator-runtime "^0.14.0"

"@hapi/address@2.x.x":
  version "2.1.4"
  resolved "https://registry.yarnpkg.com/@hapi/address/-/address-2.1.4.tgz#5d67ed43f3fd41a69d4b9ff7b56e7c0d1d0a81e5"
  integrity sha512-QD1PhQk+s31P1ixsX0H0Suoupp3VMXzIVMSwobR3F3MSUO2YCV0B7xqLcUw/Bh8yuvd3LhpyqLQWTNcRmp6IdQ==

"@hapi/bourne@1.x.x":
  version "1.3.2"
  resolved "https://registry.yarnpkg.com/@hapi/bourne/-/bourne-1.3.2.tgz#0a7095adea067243ce3283e1b56b8a8f453b242a"
  integrity sha512-1dVNHT76Uu5N3eJNTYcvxee+jzX4Z9lfciqRRHCU27ihbUcYi+iSc2iml5Ke1LXe1SyJCLA0+14Jh4tXJgOppA==

"@hapi/hoek@8.x.x", "@hapi/hoek@^8.3.0":
  version "8.5.1"
  resolved "https://registry.yarnpkg.com/@hapi/hoek/-/hoek-8.5.1.tgz#fde96064ca446dec8c55a8c2f130957b070c6e06"
  integrity sha512-yN7kbciD87WzLGc5539Tn0sApjyiGHAJgKvG9W8C7O+6c7qmoQMfVs0W4bX17eqz6C78QJqqFrtgdK5EWf6Qow==

"@hapi/joi@^15.1.1":
  version "15.1.1"
  resolved "https://registry.yarnpkg.com/@hapi/joi/-/joi-15.1.1.tgz#c675b8a71296f02833f8d6d243b34c57b8ce19d7"
  integrity sha512-entf8ZMOK8sc+8YfeOlM8pCfg3b5+WZIKBfUaaJT8UsjAAPjartzxIYm3TIbjvA4u+u++KbcXD38k682nVHDAQ==
  dependencies:
    "@hapi/address" "2.x.x"
    "@hapi/bourne" "1.x.x"
    "@hapi/hoek" "8.x.x"
    "@hapi/topo" "3.x.x"

"@hapi/topo@3.x.x":
  version "3.1.6"
  resolved "https://registry.yarnpkg.com/@hapi/topo/-/topo-3.1.6.tgz#68d935fa3eae7fdd5ab0d7f953f3205d8b2bfc29"
  integrity sha512-tAag0jEcjwH+P2quUfipd7liWCNX2F8NvYjQp2wtInsZxnMlypdw0FtAOLxtvvkO+GSRRbmNi8m/5y42PQJYCQ==
  dependencies:
    "@hapi/hoek" "^8.3.0"

"@now/node@^1.4.1":
  version "1.8.5"
  resolved "https://registry.yarnpkg.com/@now/node/-/node-1.8.5.tgz#471196dbe8221c9f20692e13cf0f4272c6cf3def"
  integrity sha512-dZ/ZzOLug0ap/jiLVnmwS93PpbNjGR/SkDQjQ+BFRTTi2vUZ768CGUpmgoZy81uxLjZL9xlMIhmTVHwjfxu7WA==
  dependencies:
    "@types/node" "*"
    ts-node "8.9.1"
    typescript "3.9.3"

"@types/node@*":
  version "20.14.9"
  resolved "https://registry.yarnpkg.com/@types/node/-/node-20.14.9.tgz#12e8e765ab27f8c421a1820c99f5f313a933b420"
  integrity sha512-06OCtnTXtWOZBJlRApleWndH4JsRVs1pDCc8dLSQp+7PpUpX3ePdHyeNSFTeSe7FtKyQkrlPvHwJOW3SLd8Oyg==
  dependencies:
    undici-types "~5.26.4"

"@types/simple-oauth2@^2.5.2":
  version "2.5.8"
  resolved "https://registry.yarnpkg.com/@types/simple-oauth2/-/simple-oauth2-2.5.8.tgz#2aadb1ca7234cedff51c10efa30dcdd10e3659c4"
  integrity sha512-Q0g/wUAix1VjP1T0FfO53lZmRElo91sbyGbr/ns0fpWwfU1Op1BbHAtqictipVNMqaney2CyOCLfa3bwAqi37A==

arg@^4.1.0:
  version "4.1.3"
  resolved "https://registry.yarnpkg.com/arg/-/arg-4.1.3.tgz#269fc7ad5b8e42cb63c896d5666017261c144089"
  integrity sha512-58S9QDqG0Xx27YwPSt9fJxivjYl432YCwfDMfZ+71RAqUrZef7LrKQZ3LHLOwCS4FLNBplP533Zx895SeOCHvA==

boom@7.x.x:
  version "7.3.0"
  resolved "https://registry.yarnpkg.com/boom/-/boom-7.3.0.tgz#733a6d956d33b0b1999da3fe6c12996950d017b9"
  integrity sha512-Swpoyi2t5+GhOEGw8rEsKvTxFLIDiiKoUc2gsoV6Lyr43LHBIzch3k2MvYUs8RTROrIkVJ3Al0TkaOGjnb+B6A==
  dependencies:
    hoek "6.x.x"

bourne@1.x.x:
  version "1.3.3"
  resolved "https://registry.yarnpkg.com/bourne/-/bourne-1.3.3.tgz#a9f53d3930e13eb8c3f2bbb0e20dc561cc08de0e"
  integrity sha512-6K4uuAlRGcorC6aV2Y1rypeQ17grx4XKyVyG6NA963PwRfxyievy0CDXtiSBPKvIc7OTpcJRT86X3mU7j5Zp9A==

buffer-from@^1.0.0:
  version "1.1.2"
  resolved "https://registry.yarnpkg.com/buffer-from/-/buffer-from-1.1.2.tgz#2b146a6fd72e80b4f55d255f35ed59a3a9a41bd5"
  integrity sha512-E+XQCRwSbaaiChtv6k6Dwgc+bx+Bs6vuKJHHl5kox/BaKbhiXzqQOwK4cO22yElGp2OCmjwVhT3HmxgyPGnJfQ==

date-fns@^2.2.1:
  version "2.30.0"
  resolved "https://registry.yarnpkg.com/date-fns/-/date-fns-2.30.0.tgz#f367e644839ff57894ec6ac480de40cae4b0f4d0"
  integrity sha512-fnULvOpxnC5/Vg3NCiWelDsLiUc9bRwAPs/+LfTLNvetFCtCTN+yQz15C/fs4AwX1R9K5GLtLfn8QW+dWisaAw==
  dependencies:
    "@babel/runtime" "^7.21.0"

debug@^4.1.1:
  version "4.3.5"
  resolved "https://registry.yarnpkg.com/debug/-/debug-4.3.5.tgz#e83444eceb9fedd4a1da56d671ae2446a01a6e1e"
  integrity sha512-pt0bNEmneDIvdL1Xsd9oDQ/wrQRkXDT4AUWlNZNPKvW5x/jyO9VFXkJUP07vQ2upmw5PlaITaPKc31jK13V+jg==
  dependencies:
    ms "2.1.2"

diff@^4.0.1:
  version "4.0.2"
  resolved "https://registry.yarnpkg.com/diff/-/diff-4.0.2.tgz#60f3aecb89d5fae520c11aa19efc2bb982aade7d"
  integrity sha512-58lmxKSA4BNyLz+HHMUzlOEpg09FV+ev6ZMe3vJihgdxzgcwZ8VoEEPmALCZG9LmqfVoNMMKpttIYTVG6uDY7A==

hoek@6.x.x:
  version "6.1.3"
  resolved "https://registry.yarnpkg.com/hoek/-/hoek-6.1.3.tgz#73b7d33952e01fe27a38b0457294b79dd8da242c"
  integrity sha512-YXXAAhmF9zpQbC7LEcREFtXfGq5K1fmd+4PHkBq8NUqmzW3G+Dq10bI/i0KucLRwss3YYFQ0fSfoxBZYiGUqtQ==

make-error@^1.1.1:
  version "1.3.6"
  resolved "https://registry.yarnpkg.com/make-error/-/make-error-1.3.6.tgz#2eb2e37ea9b67c4891f684a1394799af484cf7a2"
  integrity sha512-s8UhlNe7vPKomQhC1qFelMokr/Sc3AgNbso3n74mVPA5LTZwkB9NlXf4XPamLxJE8h0gh73rM94xvwRT2CVInw==

ms@2.1.2:
  version "2.1.2"
  resolved "https://registry.yarnpkg.com/ms/-/ms-2.1.2.tgz#d09d1f357b443f493382a8eb3ccd183872ae6009"
  integrity sha512-sGkPx+VjMtmA6MX27oA4FBFELFCZZ4S4XqeGOXCv68tT+jb3vk/RyaKWP0PTKyWtmLSM0b+adUTEvbs1PEaH2w==

regenerator-runtime@^0.14.0:
  version "0.14.1"
  resolved "https://registry.yarnpkg.com/regenerator-runtime/-/regenerator-runtime-0.14.1.tgz#356ade10263f685dda125100cd862c1db895327f"
  integrity sha512-dYnhHh0nJoMfnkZs6GmmhFknAGRrLznOu5nc9ML+EJxGvrx6H7teuevqVqCuPcPK//3eDrrjQhehXVx9cnkGdw==

simple-oauth2@^2.5.2:
  version "2.5.2"
  resolved "https://registry.yarnpkg.com/simple-oauth2/-/simple-oauth2-2.5.2.tgz#337bcd4b44c76e976caa77a1c7b00612b2500aeb"
  integrity sha512-8qjf+nHRdSUllFjjfpnonrU1oF/HNVbDle5HIbvXRYiy38C7KUvYe6w0ZZ//g4AFB6VNWuiZ80HmnycR8ZFDyQ==
  dependencies:
    "@hapi/joi" "^15.1.1"
    date-fns "^2.2.1"
    debug "^4.1.1"
    wreck "^14.0.2"

source-map-support@^0.5.17:
  version "0.5.21"
  resolved "https://registry.yarnpkg.com/source-map-support/-/source-map-support-0.5.21.tgz#04fe7c7f9e1ed2d662233c28cb2b35b9f63f6e4f"
  integrity sha512-uBHU3L3czsIyYXKX88fdrGovxdSCoTGDRZ6SYXtSRxLZUzHg5P/66Ht6uoUlHu9EZod+inXhKo3qQgwXUT/y1w==
  dependencies:
    buffer-from "^1.0.0"
    source-map "^0.6.0"

source-map@^0.6.0:
  version "0.6.1"
  resolved "https://registry.yarnpkg.com/source-map/-/source-map-0.6.1.tgz#74722af32e9614e9c287a8d0bbde48b5e2f1a263"
  integrity sha512-UjgapumWlbMhkBgzT7Ykc5YXUT46F0iKu8SGXq0bcwP5dz/h0Plj6enJqjz1Zbq2l5WaqYnrVbwWOWMyF3F47g==

ts-node@8.9.1:
  version "8.9.1"
  resolved "https://registry.yarnpkg.com/ts-node/-/ts-node-8.9.1.tgz#2f857f46c47e91dcd28a14e052482eb14cfd65a5"
  integrity sha512-yrq6ODsxEFTLz0R3BX2myf0WBCSQh9A+py8PBo1dCzWIOcvisbyH6akNKqDHMgXePF2kir5mm5JXJTH3OUJYOQ==
  dependencies:
    arg "^4.1.0"
    diff "^4.0.1"
    make-error "^1.1.1"
    source-map-support "^0.5.17"
    yn "3.1.1"

typescript@3.9.3:
  version "3.9.3"
  resolved "https://registry.yarnpkg.com/typescript/-/typescript-3.9.3.tgz#d3ac8883a97c26139e42df5e93eeece33d610b8a"
  integrity sha512-D/wqnB2xzNFIcoBG9FG8cXRDjiqSTbG2wd8DMZeQyJlP1vfTkIxH4GKveWaEBYySKIg+USu+E+EDIR47SqnaMQ==

undici-types@~5.26.4:
  version "5.26.5"
  resolved "https://registry.yarnpkg.com/undici-types/-/undici-types-5.26.5.tgz#bcd539893d00b56e964fd2657a4866b221a65617"
  integrity sha512-JlCMO+ehdEIKqlFxk6IfVoAUVmgz7cU7zD/h9XZ0qzeosSHmUJVOzSQvvYSYWXkFXC+IfLKSIffhv0sVZup6pA==

wreck@^14.0.2:
  version "14.2.0"
  resolved "https://registry.yarnpkg.com/wreck/-/wreck-14.2.0.tgz#0064a5b930fc675f57830c1fd28342da1a70b0fc"
  integrity sha512-NFFft3SMgqrJbXEVfYifh+QDWFxni+98/I7ut7rLbz3F0XOypluHsdo3mdEYssGSirMobM3fGlqhyikbWKDn2Q==
  dependencies:
    boom "7.x.x"
    bourne "1.x.x"
    hoek "6.x.x"

yn@3.1.1:
  version "3.1.1"
  resolved "https://registry.yarnpkg.com/yn/-/yn-3.1.1.tgz#1e87401a09d767c1d5eab26a6e4c185182d2eb50"
  integrity sha512-Ux4ygGWsu2c7isFWe8Yu1YluJmqVhxqK2cLXNQA5AcC3QfbGNpM7fu0Y8b/z16pXLnFxZYvWhd3fhBY9DLmC6Q==
